
Microsoft Visual Studio Solution File, Format Version 12.00
# Visual Studio Version 17
VisualStudioVersion = 17.4.33403.182
MinimumVisualStudioVersion = 10.0.40219.1
Project("{9A19103F-16F7-4668-BE54-9A1E7A4F7556}") = "FaddleEngine", "FaddleEngine\FaddleEngine.csproj", "{8CDDD865-6C5E-43C4-87B1-29B481393965}"
EndProject
Project("{9A19103F-16F7-4668-BE54-9A1E7A4F7556}") = "PolcompballFighter", "Sandbox\PolcompballFighter.csproj", "{E52EA246-BF8A-4CDB-BD61-5DAA8ADEE09A}"
EndProject
Global
	GlobalSection(SolutionConfigurationPlatforms) = preSolution
		Debug|Any CPU = Debug|Any CPU
		Release|Any CPU = Release|Any CPU
	EndGlobalSection
	GlobalSection(ProjectConfigurationPlatforms) = postSolution
		{8CDDD865-6C5E-43C4-87B1-29B481393965}.Debug|Any CPU.ActiveCfg = Debug|Any CPU
		{8CDDD865-6C5E-43C4-87B1-29B481393965}.Debug|Any CPU.Build.0 = Debug|Any CPU
		{8CDDD865-6C5E-43C4-87B1-29B481393965}.Release|Any CPU.ActiveCfg = Release|Any CPU
		{8CDDD865-6C5E-43C4-87B1-29B481393965}.Release|Any CPU.Build.0 = Release|Any CPU
		{E52EA246-BF8A-4CDB-BD61-5DAA8ADEE09A}.Debug|Any CPU.ActiveCfg = Debug|Any CPU
		{E52EA246-BF8A-4CDB-BD61-5DAA8ADEE09A}.Debug|Any CPU.Build.0 = Debug|Any CPU
		{E52EA246-BF8A-4CDB-BD61-5DAA8ADEE09A}.Release|Any CPU.ActiveCfg = Release|Any CPU
		{E52EA246-BF8A-4CDB-BD61-5DAA8ADEE09A}.Release|Any CPU.Build.0 = Release|Any CPU
	EndGlobalSection
	GlobalSection(SolutionProperties) = preSolution
		HideSolutionNode = FALSE
	EndGlobalSection
	GlobalSection(ExtensibilityGlobals) = postSolution
		SolutionGuid = {ABBD5ECD-8892-48F1-93D4-D7E382672070}
	EndGlobalSection
EndGlobal
